# This file is automatically @generated by Cargo.
# It is not intended for manual editing.
version = 4

[[package]]
name = "okfkit"
version = "0.1.0-dev"
dependencies = [
 "okfkit-analyze",
 "okfkit-core",
 "okfkit-index",
 "okfkit-lint",
 "okfkit-query",
 "okfkit-standard",
]

[[package]]
name = "okfkit-analyze"
version = "0.1.0-dev"

[[package]]
name = "okfkit-cli"
version = "0.1.0-dev"
dependencies = [
 "okfkit",
 "okfkit-mcp",
 "okfkit-skills",
]

[[package]]
name = "okfkit-core"
version = "0.1.0-dev"

[[package]]
name = "okfkit-index"
version = "0.1.0-dev"
dependencies = [
 "okfkit-analyze",
 "okfkit-core",
 "okfkit-standard",
]

[[package]]
name = "okfkit-lint"
version = "0.1.0-dev"
dependencies = [
 "okfkit-core",
 "okfkit-standard",
]

[[package]]
name = "okfkit-mcp"
version = "0.1.0-dev"
dependencies = [
 "okfkit",
]

[[package]]
name = "okfkit-query"
version = "0.1.0-dev"
dependencies = [
 "okfkit-analyze",
 "okfkit-core",
 "okfkit-index",
]

[[package]]
name = "okfkit-skills"
version = "0.1.0-dev"

[[package]]
name = "okfkit-standard"
version = "0.1.0-dev"
dependencies = [
 "okfkit-core",
]
